// !$*UTF8*$!
{
	archiveVersion = 1;
	classes = {
	};
	objectVersion = 51;
	objects = {

/* Begin PBXBuildFile section */
		472ED83224214B6100518DB9 /* AppDelegate.swift in Sources */ = {isa = PBXBuildFile; fileRef = 472ED83124214B6100518DB9 /* AppDelegate.swift */; };
		472ED83424214B6100518DB9 /* SceneDelegate.swift in Sources */ = {isa = PBXBuildFile; fileRef = 472ED83324214B6100518DB9 /* SceneDelegate.swift */; };
		472ED83624214B6100518DB9 /* MainViewController.swift in Sources */ = {isa = PBXBuildFile; fileRef = 472ED83524214B6100518DB9 /* MainViewController.swift */; };
		472ED83924214B6100518DB9 /* Main.storyboard in Resources */ = {isa = PBXBuildFile; fileRef = 472ED83724214B6100518DB9 /* Main.storyboard */; };
		472ED83B24214B6400518DB9 /* Assets.xcassets in Resources */ = {isa = PBXBuildFile; fileRef = 472ED83A24214B6400518DB9 /* Assets.xcassets */; };
		472ED83E24214B6400518DB9 /* LaunchScreen.storyboard in Resources */ = {isa = PBXBuildFile; fileRef = 472ED83C24214B6400518DB9 /* LaunchScreen.storyboard */; };
		472ED84724218B8400518DB9 /* Song.swift in Sources */ = {isa = PBXBuildFile; fileRef = 472ED84624218B8400518DB9 /* Song.swift */; };
		47CB8E012424D5B50035AAA1 /* StoredSong.swift in Sources */ = {isa = PBXBuildFile; fileRef = 47CB8E002424D5B50035AAA1 /* StoredSong.swift */; };
		47CB8E1224251AB20035AAA1 /* TestUnitTests.swift in Sources */ = {isa = PBXBuildFile; fileRef = 47CB8E1124251AB20035AAA1 /* TestUnitTests.swift */; };
		47CB8E2024251AFA0035AAA1 /* TestUITests.swift in Sources */ = {isa = PBXBuildFile; fileRef = 47CB8E1F24251AFA0035AAA1 /* TestUITests.swift */; };
		47E443652421A9430008C7B1 /* API.swift in Sources */ = {isa = PBXBuildFile; fileRef = 47E443642421A9430008C7B1 /* API.swift */; };
		47E443672421AD810008C7B1 /* Result.swift in Sources */ = {isa = PBXBuildFile; fileRef = 47E443662421AD810008C7B1 /* Result.swift */; };
		47E443692421B3FE0008C7B1 /* DetailViewController.swift in Sources */ = {isa = PBXBuildFile; fileRef = 47E443682421B3FE0008C7B1 /* DetailViewController.swift */; };
		47E4436B242266850008C7B1 /* Utils.swift in Sources */ = {isa = PBXBuildFile; fileRef = 47E4436A242266850008C7B1 /* Utils.swift */; };
		47E4436F24230EF20008C7B1 /* MyError.swift in Sources */ = {isa = PBXBuildFile; fileRef = 47E4436E24230EF20008C7B1 /* MyError.swift */; };
		E40DC9578B7FF6792501444E /* Pods_Test.framework in Frameworks */ = {isa = PBXBuildFile; fileRef = E9309B10085F0A7328173F65 /* Pods_Test.framework */; };
/* End PBXBuildFile section */

/* Begin PBXContainerItemProxy section */
		47CB8E1424251AB20035AAA1 /* PBXContainerItemProxy */ = {
			isa = PBXContainerItemProxy;
			containerPortal = 472ED82624214B6100518DB9 /* Project object */;
			proxyType = 1;
			remoteGlobalIDString = 472ED82D24214B6100518DB9;
			remoteInfo = Test;
		};
		47CB8E2224251AFA0035AAA1 /* PBXContainerItemProxy */ = {
			isa = PBXContainerItemProxy;
			containerPortal = 472ED82624214B6100518DB9 /* Project object */;
			proxyType = 1;
			remoteGlobalIDString = 472ED82D24214B6100518DB9;
			remoteInfo = Test;
		};
/* End PBXContainerItemProxy section */

/* Begin PBXFileReference section */
		14BE767C80E6D9A402ED9E32 /* Pods-Test.release.xcconfig */ = {isa = PBXFileReference; includeInIndex = 1; lastKnownFileType = text.xcconfig; name = "Pods-Test.release.xcconfig"; path = "Target Support Files/Pods-Test/Pods-Test.release.xcconfig"; sourceTree = "<group>"; };
		2C1849058F1A89D73B949532 /* Pods-Test.debug.xcconfig */ = {isa = PBXFileReference; includeInIndex = 1; lastKnownFileType = text.xcconfig; name = "Pods-Test.debug.xcconfig"; path = "Target Support Files/Pods-Test/Pods-Test.debug.xcconfig"; sourceTree = "<group>"; };
		472ED82E24214B6100518DB9 /* Test.app */ = {isa = PBXFileReference; explicitFileType = wrapper.application; includeInIndex = 0; path = Test.app; sourceTree = BUILT_PRODUCTS_DIR; };
		472ED83124214B6100518DB9 /* AppDelegate.swift */ = {isa = PBXFileReference; lastKnownFileType = sourcecode.swift; path = AppDelegate.swift; sourceTree = "<group>"; };
		472ED83324214B6100518DB9 /* SceneDelegate.swift */ = {isa = PBXFileReference; lastKnownFileType = sourcecode.swift; path = SceneDelegate.swift; sourceTree = "<group>"; };
		472ED83524214B6100518DB9 /* MainViewController.swift */ = {isa = PBXFileReference; lastKnownFileType = sourcecode.swift; path = MainViewController.swift; sourceTree = "<group>"; };
		472ED83824214B6100518DB9 /* Base */ = {isa = PBXFileReference; lastKnownFileType = file.storyboard; name = Base; path = Base.lproj/Main.storyboard; sourceTree = "<group>"; };
		472ED83A24214B6400518DB9 /* Assets.xcassets */ = {isa = PBXFileReference; lastKnownFileType = folder.assetcatalog; path = Assets.xcassets; sourceTree = "<group>"; };
		472ED83D24214B6400518DB9 /* Base */ = {isa = PBXFileReference; lastKnownFileType = file.storyboard; name = Base; path = Base.lproj/LaunchScreen.storyboard; sourceTree = "<group>"; };
		472ED83F24214B6400518DB9 /* Info.plist */ = {isa = PBXFileReference; lastKnownFileType = text.plist.xml; path = Info.plist; sourceTree = "<group>"; };
		472ED84624218B8400518DB9 /* Song.swift */ = {isa = PBXFileReference; lastKnownFileType = sourcecode.swift; path = Song.swift; sourceTree = "<group>"; };
		47CB8E002424D5B50035AAA1 /* StoredSong.swift */ = {isa = PBXFileReference; lastKnownFileType = sourcecode.swift; path = StoredSong.swift; sourceTree = "<group>"; };
		47CB8E022424D82A0035AAA1 /* Realm.framework */ = {isa = PBXFileReference; explicitFileType = wrapper.framework; path = Realm.framework; sourceTree = BUILT_PRODUCTS_DIR; };
		47CB8E032424D82A0035AAA1 /* RealmSwift.framework */ = {isa = PBXFileReference; explicitFileType = wrapper.framework; path = RealmSwift.framework; sourceTree = BUILT_PRODUCTS_DIR; };
		47CB8E0F24251AB20035AAA1 /* TestUnitTests.xctest */ = {isa = PBXFileReference; explicitFileType = wrapper.cfbundle; includeInIndex = 0; path = TestUnitTests.xctest; sourceTree = BUILT_PRODUCTS_DIR; };
		47CB8E1124251AB20035AAA1 /* TestUnitTests.swift */ = {isa = PBXFileReference; lastKnownFileType = sourcecode.swift; path = TestUnitTests.swift; sourceTree = "<group>"; };
		47CB8E1324251AB20035AAA1 /* Info.plist */ = {isa = PBXFileReference; lastKnownFileType = text.plist.xml; path = Info.plist; sourceTree = "<group>"; };
		47CB8E1D24251AFA0035AAA1 /* TestUITests.xctest */ = {isa = PBXFileReference; explicitFileType = wrapper.cfbundle; includeInIndex = 0; path = TestUITests.xctest; sourceTree = BUILT_PRODUCTS_DIR; };
		47CB8E1F24251AFA0035AAA1 /* TestUITests.swift */ = {isa = PBXFileReference; lastKnownFileType = sourcecode.swift; path = TestUITests.swift; sourceTree = "<group>"; };
		47CB8E2124251AFA0035AAA1 /* Info.plist */ = {isa = PBXFileReference; lastKnownFileType = text.plist.xml; path = Info.plist; sourceTree = "<group>"; };
		47E443642421A9430008C7B1 /* API.swift */ = {isa = PBXFileReference; lastKnownFileType = sourcecode.swift; path = API.swift; sourceTree = "<group>"; };
		47E443662421AD810008C7B1 /* Result.swift */ = {isa = PBXFileReference; lastKnownFileType = sourcecode.swift; path = Result.swift; sourceTree = "<group>"; };
		47E443682421B3FE0008C7B1 /* DetailViewController.swift */ = {isa = PBXFileReference; lastKnownFileType = sourcecode.swift; path = DetailViewController.swift; sourceTree = "<group>"; };
		47E4436A242266850008C7B1 /* Utils.swift */ = {isa = PBXFileReference; lastKnownFileType = sourcecode.swift; path = Utils.swift; sourceTree = "<group>"; };
		47E4436E24230EF20008C7B1 /* MyError.swift */ = {isa = PBXFileReference; lastKnownFileType = sourcecode.swift; path = MyError.swift; sourceTree = "<group>"; };
		E9309B10085F0A7328173F65 /* Pods_Test.framework */ = {isa = PBXFileReference; explicitFileType = wrapper.framework; includeInIndex = 0; path = Pods_Test.framework; sourceTree = BUILT_PRODUCTS_DIR; };
/* End PBXFileReference section */

/* Begin PBXFrameworksBuildPhase section */
		472ED82B24214B6100518DB9 /* Frameworks */ = {
			isa = PBXFrameworksBuildPhase;
			buildActionMask = 2147483647;
			files = (
				E40DC9578B7FF6792501444E /* Pods_Test.framework in Frameworks */,
			);
			runOnlyForDeploymentPostprocessing = 0;
		};
		47CB8E0C24251AB20035AAA1 /* Frameworks */ = {
			isa = PBXFrameworksBuildPhase;
			buildActionMask = 2147483647;
			files = (
			);
			runOnlyForDeploymentPostprocessing = 0;
		};
		47CB8E1A24251AFA0035AAA1 /* Frameworks */ = {
			isa = PBXFrameworksBuildPhase;
			buildActionMask = 2147483647;
			files = (
			);
			runOnlyForDeploymentPostprocessing = 0;
		};
/* End PBXFrameworksBuildPhase section */

/* Begin PBXGroup section */
		3CE994E1AF905ABBB1F57E84 /* Frameworks */ = {
			isa = PBXGroup;
			children = (
				47CB8E022424D82A0035AAA1 /* Realm.framework */,
				47CB8E032424D82A0035AAA1 /* RealmSwift.framework */,
				E9309B10085F0A7328173F65 /* Pods_Test.framework */,
			);
			name = Frameworks;
			sourceTree = "<group>";
		};
		472ED82524214B6100518DB9 = {
			isa = PBXGroup;
			children = (
				472ED83024214B6100518DB9 /* Test */,
				47CB8E1024251AB20035AAA1 /* TestUnitTests */,
				47CB8E1E24251AFA0035AAA1 /* TestUITests */,
				472ED82F24214B6100518DB9 /* Products */,
				795E592737B4865BAB561395 /* Pods */,
				3CE994E1AF905ABBB1F57E84 /* Frameworks */,
			);
			sourceTree = "<group>";
		};
		472ED82F24214B6100518DB9 /* Products */ = {
			isa = PBXGroup;
			children = (
				472ED82E24214B6100518DB9 /* Test.app */,
				47CB8E0F24251AB20035AAA1 /* TestUnitTests.xctest */,
				47CB8E1D24251AFA0035AAA1 /* TestUITests.xctest */,
			);
			name = Products;
			sourceTree = "<group>";
		};
		472ED83024214B6100518DB9 /* Test */ = {
			isa = PBXGroup;
			children = (
				47CB8DFF2424D4010035AAA1 /* localStorage */,
				47E443632421A92B0008C7B1 /* global */,
				47E4435F24219E530008C7B1 /* controllers */,
				472ED84524218B7000518DB9 /* model */,
				47E443622421A8F90008C7B1 /* app */,
				47E443612421A8E80008C7B1 /* resources */,
			);
			path = Test;
			sourceTree = "<group>";
		};
		472ED84524218B7000518DB9 /* model */ = {
			isa = PBXGroup;
			children = (
				472ED84624218B8400518DB9 /* Song.swift */,
				47E443662421AD810008C7B1 /* Result.swift */,
			);
			path = model;
			sourceTree = "<group>";
		};
		47CB8DFF2424D4010035AAA1 /* localStorage */ = {
			isa = PBXGroup;
			children = (
				47CB8E002424D5B50035AAA1 /* StoredSong.swift */,
			);
			path = localStorage;
			sourceTree = "<group>";
		};
		47CB8E1024251AB20035AAA1 /* TestUnitTests */ = {
			isa = PBXGroup;
			children = (
				47CB8E1124251AB20035AAA1 /* TestUnitTests.swift */,
				47CB8E1324251AB20035AAA1 /* Info.plist */,
			);
			path = TestUnitTests;
			sourceTree = "<group>";
		};
		47CB8E1E24251AFA0035AAA1 /* TestUITests */ = {
			isa = PBXGroup;
			children = (
				47CB8E1F24251AFA0035AAA1 /* TestUITests.swift */,
				47CB8E2124251AFA0035AAA1 /* Info.plist */,
			);
			path = TestUITests;
			sourceTree = "<group>";
		};
		47E4435F24219E530008C7B1 /* controllers */ = {
			isa = PBXGroup;
			children = (
				472ED83524214B6100518DB9 /* MainViewController.swift */,
				47E443682421B3FE0008C7B1 /* DetailViewController.swift */,
			);
			path = controllers;
			sourceTree = "<group>";
		};
		47E443612421A8E80008C7B1 /* resources */ = {
			isa = PBXGroup;
			children = (
				472ED83724214B6100518DB9 /* Main.storyboard */,
				472ED83A24214B6400518DB9 /* Assets.xcassets */,
				472ED83C24214B6400518DB9 /* LaunchScreen.storyboard */,
				472ED83F24214B6400518DB9 /* Info.plist */,
			);
			path = resources;
			sourceTree = "<group>";
		};
		47E443622421A8F90008C7B1 /* app */ = {
			isa = PBXGroup;
			children = (
				472ED83124214B6100518DB9 /* AppDelegate.swift */,
				472ED83324214B6100518DB9 /* SceneDelegate.swift */,
			);
			path = app;
			sourceTree = "<group>";
		};
		47E443632421A92B0008C7B1 /* global */ = {
			isa = PBXGroup;
			children = (
				47E443642421A9430008C7B1 /* API.swift */,
				47E4436A242266850008C7B1 /* Utils.swift */,
				47E4436E24230EF20008C7B1 /* MyError.swift */,
			);
			path = global;
			sourceTree = "<group>";
		};
		795E592737B4865BAB561395 /* Pods */ = {
			isa = PBXGroup;
			children = (
				2C1849058F1A89D73B949532 /* Pods-Test.debug.xcconfig */,
				14BE767C80E6D9A402ED9E32 /* Pods-Test.release.xcconfig */,
			);
			path = Pods;
			sourceTree = "<group>";
		};
/* End PBXGroup section */

/* Begin PBXNativeTarget section */
		472ED82D24214B6100518DB9 /* Test */ = {
			isa = PBXNativeTarget;
			buildConfigurationList = 472ED84224214B6400518DB9 /* Build configuration list for PBXNativeTarget "Test" */;
			buildPhases = (
				9AD1EE41CD141096FC9B9AD2 /* [CP] Check Pods Manifest.lock */,
				472ED82A24214B6100518DB9 /* Sources */,
				472ED82B24214B6100518DB9 /* Frameworks */,
				472ED82C24214B6100518DB9 /* Resources */,
				D3902D8024B74B5BC78F9058 /* [CP] Embed Pods Frameworks */,
			);
			buildRules = (
			);
			dependencies = (
			);
			name = Test;
			productName = Test;
			productReference = 472ED82E24214B6100518DB9 /* Test.app */;
			productType = "com.apple.product-type.application";
		};
		47CB8E0E24251AB20035AAA1 /* TestUnitTests */ = {
			isa = PBXNativeTarget;
			buildConfigurationList = 47CB8E1824251AB20035AAA1 /* Build configuration list for PBXNativeTarget "TestUnitTests" */;
			buildPhases = (
				47CB8E0B24251AB20035AAA1 /* Sources */,
				47CB8E0C24251AB20035AAA1 /* Frameworks */,
				47CB8E0D24251AB20035AAA1 /* Resources */,
			);
			buildRules = (
			);
			dependencies = (
				47CB8E1524251AB20035AAA1 /* PBXTargetDependency */,
			);
			name = TestUnitTests;
			productName = TestUnitTests;
			productReference = 47CB8E0F24251AB20035AAA1 /* TestUnitTests.xctest */;
			productType = "com.apple.product-type.bundle.unit-test";
		};
		47CB8E1C24251AFA0035AAA1 /* TestUITests */ = {
			isa = PBXNativeTarget;
			buildConfigurationList = 47CB8E2424251AFA0035AAA1 /* Build configuration list for PBXNativeTarget "TestUITests" */;
			buildPhases = (
				47CB8E1924251AFA0035AAA1 /* Sources */,
				47CB8E1A24251AFA0035AAA1 /* Frameworks */,
				47CB8E1B24251AFA0035AAA1 /* Resources */,
			);
			buildRules = (
			);
			dependencies = (
				47CB8E2324251AFA0035AAA1 /* PBXTargetDependency */,
			);
			name = TestUITests;
			productName = TestUITests;
			productReference = 47CB8E1D24251AFA0035AAA1 /* TestUITests.xctest */;
			productType = "com.apple.product-type.bundle.ui-testing";
		};
/* End PBXNativeTarget section */

/* Begin PBXProject section */
		472ED82624214B6100518DB9 /* Project object */ = {
			isa = PBXProject;
			attributes = {
				LastSwiftUpdateCheck = 1130;
				LastUpgradeCheck = 1130;
				ORGANIZATIONNAME = "Cezhar Arévalo";
				TargetAttributes = {
					472ED82D24214B6100518DB9 = {
						CreatedOnToolsVersion = 11.3.1;
					};
					47CB8E0E24251AB20035AAA1 = {
						CreatedOnToolsVersion = 11.3.1;
						TestTargetID = 472ED82D24214B6100518DB9;
					};
					47CB8E1C24251AFA0035AAA1 = {
						CreatedOnToolsVersion = 11.3.1;
						TestTargetID = 472ED82D24214B6100518DB9;
					};
				};
			};
			buildConfigurationList = 472ED82924214B6100518DB9 /* Build configuration list for PBXProject "Test" */;
			compatibilityVersion = "Xcode 9.3";
			developmentRegion = en;
			hasScannedForEncodings = 0;
			knownRegions = (
				en,
				Base,
			);
			mainGroup = 472ED82524214B6100518DB9;
			productRefGroup = 472ED82F24214B6100518DB9 /* Products */;
			projectDirPath = "";
			projectRoot = "";
			targets = (
				472ED82D24214B6100518DB9 /* Test */,
				47CB8E0E24251AB20035AAA1 /* TestUnitTests */,
				47CB8E1C24251AFA0035AAA1 /* TestUITests */,
			);
		};
/* End PBXProject section */

/* Begin PBXResourcesBuildPhase section */
		472ED82C24214B6100518DB9 /* Resources */ = {
			isa = PBXResourcesBuildPhase;
			buildActionMask = 2147483647;
			files = (
				472ED83E24214B6400518DB9 /* LaunchScreen.storyboard in Resources */,
				472ED83B24214B6400518DB9 /* Assets.xcassets in Resources */,
				472ED83924214B6100518DB9 /* Main.storyboard in Resources */,
			);
			runOnlyForDeploymentPostprocessing = 0;
		};
		47CB8E0D24251AB20035AAA1 /* Resources */ = {
			isa = PBXResourcesBuildPhase;
			buildActionMask = 2147483647;
			files = (
			);
			runOnlyForDeploymentPostprocessing = 0;
		};
		47CB8E1B24251AFA0035AAA1 /* Resources */ = {
			isa = PBXResourcesBuildPhase;
			buildActionMask = 2147483647;
			files = (
			);
			runOnlyForDeploymentPostprocessing = 0;
		};
/* End PBXResourcesBuildPhase section */

/* Begin PBXShellScriptBuildPhase section */
		9AD1EE41CD141096FC9B9AD2 /* [CP] Check Pods Manifest.lock */ = {
			isa = PBXShellScriptBuildPhase;
			buildActionMask = 2147483647;
			files = (
			);
			inputFileListPaths = (
			);
			inputPaths = (
				"${PODS_PODFILE_DIR_PATH}/Podfile.lock",
				"${PODS_ROOT}/Manifest.lock",
			);
			name = "[CP] Check Pods Manifest.lock";
			outputFileListPaths = (
			);
			outputPaths = (
				"$(DERIVED_FILE_DIR)/Pods-Test-checkManifestLockResult.txt",
			);
			runOnlyForDeploymentPostprocessing = 0;
			shellPath = /bin/sh;
			shellScript = "diff \"${PODS_PODFILE_DIR_PATH}/Podfile.lock\" \"${PODS_ROOT}/Manifest.lock\" > /dev/null\nif [ $? != 0 ] ; then\n    # print error to STDERR\n    echo \"error: The sandbox is not in sync with the Podfile.lock. Run 'pod install' or update your CocoaPods installation.\" >&2\n    exit 1\nfi\n# This output is used by Xcode 'outputs' to avoid re-running this script phase.\necho \"SUCCESS\" > \"${SCRIPT_OUTPUT_FILE_0}\"\n";
			showEnvVarsInLog = 0;
		};
		D3902D8024B74B5BC78F9058 /* [CP] Embed Pods Frameworks */ = {
			isa = PBXShellScriptBuildPhase;
			buildActionMask = 2147483647;
			files = (
			);
			inputFileListPaths = (
				"${PODS_ROOT}/Target Support Files/Pods-Test/Pods-Test-frameworks-${CONFIGURATION}-input-files.xcfilelist",
			);
			name = "[CP] Embed Pods Frameworks";
			outputFileListPaths = (
				"${PODS_ROOT}/Target Support Files/Pods-Test/Pods-Test-frameworks-${CONFIGURATION}-output-files.xcfilelist",
			);
			runOnlyForDeploymentPostprocessing = 0;
			shellPath = /bin/sh;
			shellScript = "\"${PODS_ROOT}/Target Support Files/Pods-Test/Pods-Test-frameworks.sh\"\n";
			showEnvVarsInLog = 0;
		};
/* End PBXShellScriptBuildPhase section */

/* Begin PBXSourcesBuildPhase section */
		472ED82A24214B6100518DB9 /* Sources */ = {
			isa = PBXSourcesBuildPhase;
			buildActionMask = 2147483647;
			files = (
				47E443672421AD810008C7B1 /* Result.swift in Sources */,
				472ED84724218B8400518DB9 /* Song.swift in Sources */,
				472ED83624214B6100518DB9 /* MainViewController.swift in Sources */,
				472ED83224214B6100518DB9 /* AppDelegate.swift in Sources */,
				472ED83424214B6100518DB9 /* SceneDelegate.swift in Sources */,
				47E443652421A9430008C7B1 /* API.swift in Sources */,
				47E4436F24230EF20008C7B1 /* MyError.swift in Sources */,
				47E443692421B3FE0008C7B1 /* DetailViewController.swift in Sources */,
				47E4436B242266850008C7B1 /* Utils.swift in Sources */,
				47CB8E012424D5B50035AAA1 /* StoredSong.swift in Sources */,
			);
			runOnlyForDeploymentPostprocessing = 0;
		};
		47CB8E0B24251AB20035AAA1 /* Sources */ = {
			isa = PBXSourcesBuildPhase;
			buildActionMask = 2147483647;
			files = (
				47CB8E1224251AB20035AAA1 /* TestUnitTests.swift in Sources */,
			);
			runOnlyForDeploymentPostprocessing = 0;
		};
		47CB8E1924251AFA0035AAA1 /* Sources */ = {
			isa = PBXSourcesBuildPhase;
			buildActionMask = 2147483647;
			files = (
				47CB8E2024251AFA0035AAA1 /* TestUITests.swift in Sources */,
			);
			runOnlyForDeploymentPostprocessing = 0;
		};
/* End PBXSourcesBuildPhase section */

/* Begin PBXTargetDependency section */
		47CB8E1524251AB20035AAA1 /* PBXTargetDependency */ = {
			isa = PBXTargetDependency;
			target = 472ED82D24214B6100518DB9 /* Test */;
			targetProxy = 47CB8E1424251AB20035AAA1 /* PBXContainerItemProxy */;
		};
		47CB8E2324251AFA0035AAA1 /* PBXTargetDependency */ = {
			isa = PBXTargetDependency;
			target = 472ED82D24214B6100518DB9 /* Test */;
			targetProxy = 47CB8E2224251AFA0035AAA1 /* PBXContainerItemProxy */;
		};
/* End PBXTargetDependency section */

/* Begin PBXVariantGroup section */
		472ED83724214B6100518DB9 /* Main.storyboard */ = {
			isa = PBXVariantGroup;
			children = (
				472ED83824214B6100518DB9 /* Base */,
			);
			name = Main.storyboard;
			sourceTree = "<group>";
		};
		472ED83C24214B6400518DB9 /* LaunchScreen.storyboard */ = {
			isa = PBXVariantGroup;
			children = (
				472ED83D24214B6400518DB9 /* Base */,
			);
			name = LaunchScreen.storyboard;
			sourceTree = "<group>";
		};
/* End PBXVariantGroup section */

/* Begin XCBuildConfiguration section */
		472ED84024214B6400518DB9 /* Debug */ = {
			isa = XCBuildConfiguration;
			buildSettings = {
				ALWAYS_SEARCH_USER_PATHS = NO;
				CLANG_ANALYZER_NONNULL = YES;
				CLANG_ANALYZER_NUMBER_OBJECT_CONVERSION = YES_AGGRESSIVE;
				CLANG_CXX_LANGUAGE_STANDARD = "gnu++14";
				CLANG_CXX_LIBRARY = "libc++";
				CLANG_ENABLE_MODULES = YES;
				CLANG_ENABLE_OBJC_ARC = YES;
				CLANG_ENABLE_OBJC_WEAK = YES;
				CLANG_WARN_BLOCK_CAPTURE_AUTORELEASING = YES;
				CLANG_WARN_BOOL_CONVERSION = YES;
				CLANG_WARN_COMMA = YES;
				CLANG_WARN_CONSTANT_CONVERSION = YES;
				CLANG_WARN_DEPRECATED_OBJC_IMPLEMENTATIONS = YES;
				CLANG_WARN_DIRECT_OBJC_ISA_USAGE = YES_ERROR;
				CLANG_WARN_DOCUMENTATION_COMMENTS = YES;
				CLANG_WARN_EMPTY_BODY = YES;
				CLANG_WARN_ENUM_CONVERSION = YES;
				CLANG_WARN_INFINITE_RECURSION = YES;
				CLANG_WARN_INT_CONVERSION = YES;
				CLANG_WARN_NON_LITERAL_NULL_CONVERSION = YES;
				CLANG_WARN_OBJC_IMPLICIT_RETAIN_SELF = YES;
				CLANG_WARN_OBJC_LITERAL_CONVERSION = YES;
				CLANG_WARN_OBJC_ROOT_CLASS = YES_ERROR;
				CLANG_WARN_RANGE_LOOP_ANALYSIS = YES;
				CLANG_WARN_STRICT_PROTOTYPES = YES;
				CLANG_WARN_SUSPICIOUS_MOVE = YES;
				CLANG_WARN_UNGUARDED_AVAILABILITY = YES_AGGRESSIVE;
				CLANG_WARN_UNREACHABLE_CODE = YES;
				CLANG_WARN__DUPLICATE_METHOD_MATCH = YES;
				COPY_PHASE_STRIP = NO;
				DEBUG_INFORMATION_FORMAT = dwarf;
				ENABLE_STRICT_OBJC_MSGSEND = YES;
				ENABLE_TESTABILITY = YES;
				GCC_C_LANGUAGE_STANDARD = gnu11;
				GCC_DYNAMIC_NO_PIC = NO;
				GCC_NO_COMMON_BLOCKS = YES;
				GCC_OPTIMIZATION_LEVEL = 0;
				GCC_PREPROCESSOR_DEFINITIONS = (
					"DEBUG=1",
					"$(inherited)",
				);
				GCC_WARN_64_TO_32_BIT_CONVERSION = YES;
				GCC_WARN_ABOUT_RETURN_TYPE = YES_ERROR;
				GCC_WARN_UNDECLARED_SELECTOR = YES;
				GCC_WARN_UNINITIALIZED_AUTOS = YES_AGGRESSIVE;
				GCC_WARN_UNUSED_FUNCTION = YES;
				GCC_WARN_UNUSED_VARIABLE = YES;
				IPHONEOS_DEPLOYMENT_TARGET = 13.2;
				MTL_ENABLE_DEBUG_INFO = INCLUDE_SOURCE;
				MTL_FAST_MATH = YES;
				ONLY_ACTIVE_ARCH = YES;
				SDKROOT = iphoneos;
				SWIFT_ACTIVE_COMPILATION_CONDITIONS = DEBUG;
				SWIFT_OPTIMIZATION_LEVEL = "-Onone";
			};
			name = Debug;
		};
		472ED84124214B6400518DB9 /* Release */ = {
			isa = XCBuildConfiguration;
			buildSettings = {
				ALWAYS_SEARCH_USER_PATHS = NO;
				CLANG_ANALYZER_NONNULL = YES;
				CLANG_ANALYZER_NUMBER_OBJECT_CONVERSION = YES_AGGRESSIVE;
				CLANG_CXX_LANGUAGE_STANDARD = "gnu++14";
				CLANG_CXX_LIBRARY = "libc++";
				CLANG_ENABLE_MODULES = YES;
				CLANG_ENABLE_OBJC_ARC = YES;
				CLANG_ENABLE_OBJC_WEAK = YES;
				CLANG_WARN_BLOCK_CAPTURE_AUTORELEASING = YES;
				CLANG_WARN_BOOL_CONVERSION = YES;
				CLANG_WARN_COMMA = YES;
				CLANG_WARN_CONSTANT_CONVERSION = YES;
				CLANG_WARN_DEPRECATED_OBJC_IMPLEMENTATIONS = YES;
				CLANG_WARN_DIRECT_OBJC_ISA_USAGE = YES_ERROR;
				CLANG_WARN_DOCUMENTATION_COMMENTS = YES;
				CLANG_WARN_EMPTY_BODY = YES;
				CLANG_WARN_ENUM_CONVERSION = YES;
				CLANG_WARN_INFINITE_RECURSION = YES;
				CLANG_WARN_INT_CONVERSION = YES;
				CLANG_WARN_NON_LITERAL_NULL_CONVERSION = YES;
				CLANG_WARN_OBJC_IMPLICIT_RETAIN_SELF = YES;
				CLANG_WARN_OBJC_LITERAL_CONVERSION = YES;
				CLANG_WARN_OBJC_ROOT_CLASS = YES_ERROR;
				CLANG_WARN_RANGE_LOOP_ANALYSIS = YES;
				CLANG_WARN_STRICT_PROTOTYPES = YES;
				CLANG_WARN_SUSPICIOUS_MOVE = YES;
				CLANG_WARN_UNGUARDED_AVAILABILITY = YES_AGGRESSIVE;
				CLANG_WARN_UNREACHABLE_CODE = YES;
				CLANG_WARN__DUPLICATE_METHOD_MATCH = YES;
				COPY_PHASE_STRIP = NO;
				DEBUG_INFORMATION_FORMAT = "dwarf-with-dsym";
				ENABLE_NS_ASSERTIONS = NO;
				ENABLE_STRICT_OBJC_MSGSEND = YES;
				GCC_C_LANGUAGE_STANDARD = gnu11;
				GCC_NO_COMMON_BLOCKS = YES;
				GCC_WARN_64_TO_32_BIT_CONVERSION = YES;
				GCC_WARN_ABOUT_RETURN_TYPE = YES_ERROR;
				GCC_WARN_UNDECLARED_SELECTOR = YES;
				GCC_WARN_UNINITIALIZED_AUTOS = YES_AGGRESSIVE;
				GCC_WARN_UNUSED_FUNCTION = YES;
				GCC_WARN_UNUSED_VARIABLE = YES;
				IPHONEOS_DEPLOYMENT_TARGET = 13.2;
				MTL_ENABLE_DEBUG_INFO = NO;
				MTL_FAST_MATH = YES;
				SDKROOT = iphoneos;
				SWIFT_COMPILATION_MODE = wholemodule;
				SWIFT_OPTIMIZATION_LEVEL = "-O";
				VALIDATE_PRODUCT = YES;
			};
			name = Release;
		};
		472ED84324214B6400518DB9 /* Debug */ = {
			isa = XCBuildConfiguration;
			baseConfigurationReference = 2C1849058F1A89D73B949532 /* Pods-Test.debug.xcconfig */;
			buildSettings = {
				ASSETCATALOG_COMPILER_APPICON_NAME = AppIcon;
				CODE_SIGN_STYLE = Automatic;
				DEVELOPMENT_TEAM = 9L4ZZF4QBS;
				INFOPLIST_FILE = Test/resources/Info.plist;
				LD_RUNPATH_SEARCH_PATHS = (
					"$(inherited)",
					"@executable_path/Frameworks",
				);
				PRODUCT_BUNDLE_IDENTIFIER = cl.test.cezhar.Test;
				PRODUCT_NAME = "$(TARGET_NAME)";
				SWIFT_VERSION = 5.0;
				TARGETED_DEVICE_FAMILY = "1,2";
			};
			name = Debug;
		};
		472ED84424214B6400518DB9 /* Release */ = {
			isa = XCBuildConfiguration;
			baseConfigurationReference = 14BE767C80E6D9A402ED9E32 /* Pods-Test.release.xcconfig */;
			buildSettings = {
				ASSETCATALOG_COMPILER_APPICON_NAME = AppIcon;
				CODE_SIGN_STYLE = Automatic;
				DEVELOPMENT_TEAM = 9L4ZZF4QBS;
				INFOPLIST_FILE = Test/resources/Info.plist;
				LD_RUNPATH_SEARCH_PATHS = (
					"$(inherited)",
					"@executable_path/Frameworks",
				);
				PRODUCT_BUNDLE_IDENTIFIER = cl.test.cezhar.Test;
				PRODUCT_NAME = "$(TARGET_NAME)";
				SWIFT_VERSION = 5.0;
				TARGETED_DEVICE_FAMILY = "1,2";
			};
			name = Release;
		};
		47CB8E1624251AB20035AAA1 /* Debug */ = {
			isa = XCBuildConfiguration;
			buildSettings = {
				BUNDLE_LOADER = "$(TEST_HOST)";
				CODE_SIGN_STYLE = Automatic;
				DEVELOPMENT_TEAM = 9L4ZZF4QBS;
				INFOPLIST_FILE = TestUnitTests/Info.plist;
				LD_RUNPATH_SEARCH_PATHS = (
					"$(inherited)",
					"@executable_path/Frameworks",
					"@loader_path/Frameworks",
				);
				PRODUCT_BUNDLE_IDENTIFIER = cl.test.cezhar.TestUnitTests;
				PRODUCT_NAME = "$(TARGET_NAME)";
				SWIFT_VERSION = 5.0;
				TARGETED_DEVICE_FAMILY = "1,2";
				TEST_HOST = "$(BUILT_PRODUCTS_DIR)/Test.app/Test";
			};
			name = Debug;
		};
		47CB8E1724251AB20035AAA1 /* Release */ = {
			isa = XCBuildConfiguration;
			buildSettings = {
				BUNDLE_LOADER = "$(TEST_HOST)";
				CODE_SIGN_STYLE = Automatic;
				DEVELOPMENT_TEAM = 9L4ZZF4QBS;
				INFOPLIST_FILE = TestUnitTests/Info.plist;
				LD_RUNPATH_SEARCH_PATHS = (
					"$(inherited)",
					"@executable_path/Frameworks",
					"@loader_path/Frameworks",
				);
				PRODUCT_BUNDLE_IDENTIFIER = cl.test.cezhar.TestUnitTests;
				PRODUCT_NAME = "$(TARGET_NAME)";
				SWIFT_VERSION = 5.0;
				TARGETED_DEVICE_FAMILY = "1,2";
				TEST_HOST = "$(BUILT_PRODUCTS_DIR)/Test.app/Test";
			};
			name = Release;
		};
		47CB8E2524251AFA0035AAA1 /* Debug */ = {
			isa = XCBuildConfiguration;
			buildSettings = {
				CODE_SIGN_STYLE = Automatic;
				DEVELOPMENT_TEAM = 9L4ZZF4QBS;
				INFOPLIST_FILE = TestUITests/Info.plist;
				LD_RUNPATH_SEARCH_PATHS = (
					"$(inherited)",
					"@executable_path/Frameworks",
					"@loader_path/Frameworks",
				);
				PRODUCT_BUNDLE_IDENTIFIER = cl.test.cezhar.TestUITests;
				PRODUCT_NAME = "$(TARGET_NAME)";
				SWIFT_VERSION = 5.0;
				TARGETED_DEVICE_FAMILY = "1,2";
				TEST_TARGET_NAME = Test;
			};
			name = Debug;
		};
		47CB8E2624251AFA0035AAA1 /* Release */ = {
			isa = XCBuildConfiguration;
			buildSettings = {
				CODE_SIGN_STYLE = Automatic;
				DEVELOPMENT_TEAM = 9L4ZZF4QBS;
				INFOPLIST_FILE = TestUITests/Info.plist;
				LD_RUNPATH_SEARCH_PATHS = (
					"$(inherited)",
					"@executable_path/Frameworks",
					"@loader_path/Frameworks",
				);
				PRODUCT_BUNDLE_IDENTIFIER = cl.test.cezhar.TestUITests;
				PRODUCT_NAME = "$(TARGET_NAME)";
				SWIFT_VERSION = 5.0;
				TARGETED_DEVICE_FAMILY = "1,2";
				TEST_TARGET_NAME = Test;
			};
			name = Release;
		};
/* End XCBuildConfiguration section */

/* Begin XCConfigurationList section */
		472ED82924214B6100518DB9 /* Build configuration list for PBXProject "Test" */ = {
			isa = XCConfigurationList;
			buildConfigurations = (
				472ED84024214B6400518DB9 /* Debug */,
				472ED84124214B6400518DB9 /* Release */,
			);
			defaultConfigurationIsVisible = 0;
			defaultConfigurationName = Release;
		};
		472ED84224214B6400518DB9 /* Build configuration list for PBXNativeTarget "Test" */ = {
			isa = XCConfigurationList;
			buildConfigurations = (
				472ED84324214B6400518DB9 /* Debug */,
				472ED84424214B6400518DB9 /* Release */,
			);
			defaultConfigurationIsVisible = 0;
			defaultConfigurationName = Release;
		};
		47CB8E1824251AB20035AAA1 /* Build configuration list for PBXNativeTarget "TestUnitTests" */ = {
			isa = XCConfigurationList;
			buildConfigurations = (
				47CB8E1624251AB20035AAA1 /* Debug */,
				47CB8E1724251AB20035AAA1 /* Release */,
			);
			defaultConfigurationIsVisible = 0;
			defaultConfigurationName = Release;
		};
		47CB8E2424251AFA0035AAA1 /* Build configuration list for PBXNativeTarget "TestUITests" */ = {
			isa = XCConfigurationList;
			buildConfigurations = (
				47CB8E2524251AFA0035AAA1 /* Debug */,
				47CB8E2624251AFA0035AAA1 /* Release */,
			);
			defaultConfigurationIsVisible = 0;
			defaultConfigurationName = Release;
		};
/* End XCConfigurationList section */
	};
	rootObject = 472ED82624214B6100518DB9 /* Project object */;
}
